{
    "_meta": {
        "hash": {
            "sha256": "0958dbcac55ff122514d1b8e92fcad2dc15d97c73a8695ce88b0c432af165f93"
        },
        "pipfile-spec": 6,
        "requires": {
            "python_version": "3.7"
        },
        "sources": [
            {
                "name": "pypi",
                "url": "https://pypi.org/simple",
                "verify_ssl": true
            }
        ]
    },
    "default": {
        "cachetools": {
            "hashes": [
                "sha256:95ef631eeaea14ba2e36f06437f36463aac3a096799e876ee55e5cdccb102590",
                "sha256:dce83f2d9b4e1f732a8cd44af8e8fab2dbe46201467fc98b3ef8f269092bf62b"
            ],
            "markers": "python_version >= '3.7'",
            "version": "==5.3.1"
        },
        "certifi": {
            "hashes": [
                "sha256:539cc1d13202e33ca466e88b2807e29f4c13049d6d87031a3c110744495cb082",
                "sha256:92d6037539857d8206b8f6ae472e8b77db8058fec5937a1ef3f54304089edbb9"
            ],
            "index": "pypi",
            "version": "==2023.7.22"
        },
        "chardet": {
            "hashes": [
                "sha256:84ab92ed1c4d4f16916e05906b6b75a6c0fb5db821cc65e70cbd64a3e2a5eaae",
                "sha256:fc323ffcaeaed0e0a02bf4d117757b98aed530d9ed4531e3e15460124c106691"
            ],
            "version": "==3.0.4"
        },
        "google-api-core": {
            "extras": [
                "grpc"
            ],
            "hashes": [
                "sha256:6fb380f49d19ee1d09a9722d0379042b7edb06c0112e4796c7a395078a043e71",
                "sha256:7421474c39d396a74dfa317dddbc69188f2336835f526087c7648f91105e32ff"
            ],
            "markers": "python_version >= '3.7'",
            "version": "==1.34.0"
        },
        "google-auth": {
            "hashes": [
                "sha256:164cba9af4e6e4e40c3a4f90a1a6c12ee56f14c0b4868d1ca91b32826ab334ce",
                "sha256:d61d1b40897407b574da67da1a833bdc10d5a11642566e506565d1b1a46ba873"
            ],
            "markers": "python_version >= '3.6'",
            "version": "==2.22.0"
        },
        "google-cloud-pubsub": {
            "hashes": [
                "sha256:a052a67c3f0ae86716626ab0a3b83fdb0613df86d69aece43f905bf04672caf2",
                "sha256:a922cd96474b0acbb1d03aa50e1db782800c5bb3e2731bc0feb93816d547ab17"
            ],
            "index": "pypi",
            "version": "==1.0.0"
        },
        "googleapis-common-protos": {
            "extras": [

            ],
            "hashes": [
                "sha256:0cbedb6fb68f1c07e18eb4c48256320777707e7d0c55063ae56c15db3224a61e",
                "sha256:b35d530fe825fb4227857bc47ad84c33c809ac96f312e13182bdeaa2abe1178a"
            ],
            "markers": "python_version >= '3.7'",
            "version": "==1.59.1"
        },
        "grpc-google-iam-v1": {
            "hashes": [
                "sha256:2bc4b8fdf22115a65d751c9317329322602c39b7c86a289c9b72d228d960ef5f",
                "sha256:5c10f3d8dc2d88678ab1a9b0cb5482735c5efee71e6c0cd59f872eef22913f5c"
            ],
            "markers": "python_version >= '3.7'",
            "version": "==0.12.6"
        },
        "grpcio": {
            "hashes": [
                "sha256:06e84ad9ae7668a109e970c7411e7992751a116494cba7c4fb877656527f9a57",
                "sha256:0ff789ae7d8ddd76d2ac02e7d13bfef6fc4928ac01e1dcaa182be51b6bcc0aaa",
                "sha256:10954662f77dc36c9a1fb5cc4a537f746580d6b5734803be1e587252682cda8d",
                "sha256:139f66656a762572ae718fa0d1f2dce47c05e9fbf7a16acd704c354405b97df9",
                "sha256:1c31e52a04e62c8577a7bf772b3e7bed4df9c9e0dd90f92b6ffa07c16cab63c9",
                "sha256:33971197c47965cc1d97d78d842163c283e998223b151bab0499b951fd2c0b12",
                "sha256:345356b307cce5d14355e8e055b4ca5f99bc857c33a3dc1ddbc544fca9cd0475",
                "sha256:373b48f210f43327a41e397391715cd11cfce9ded2fe76a5068f9bacf91cc226",
                "sha256:3ccb621749a81dc7755243665a70ce45536ec413ef5818e013fe8dfbf5aa497b",
                "sha256:42a3bbb2bc07aef72a7d97e71aabecaf3e4eb616d39e5211e2cfe3689de860ca",
                "sha256:42e63904ee37ae46aa23de50dac8b145b3596f43598fa33fe1098ab2cbda6ff5",
                "sha256:4eb37dd8dd1aa40d601212afa27ca5be255ba792e2e0b24d67b8af5e012cdb7d",
                "sha256:51173e8fa6d9a2d85c14426bdee5f5c4a0654fd5fddcc21fe9d09ab0f6eb8b35",
                "sha256:5144feb20fe76e73e60c7d73ec3bf54f320247d1ebe737d10672480371878b48",
                "sha256:5344be476ac37eb9c9ad09c22f4ea193c1316bf074f1daf85bddb1b31fda5116",
                "sha256:6108e5933eb8c22cd3646e72d5b54772c29f57482fd4c41a0640aab99eb5071d",
                "sha256:6a007a541dff984264981fbafeb052bfe361db63578948d857907df9488d8774",
                "sha256:6ee26e9dfb3996aff7c870f09dc7ad44a5f6732b8bdb5a5f9905737ac6fd4ef1",
                "sha256:750de923b456ca8c0f1354d6befca45d1f3b3a789e76efc16741bd4132752d95",
                "sha256:7c5ede2e2558f088c49a1ddda19080e4c23fb5d171de80a726b61b567e3766ed",
                "sha256:830215173ad45d670140ff99aac3b461f9be9a6b11bee1a17265aaaa746a641a",
                "sha256:8391cea5ce72f4a12368afd17799474015d5d3dc00c936a907eb7c7eaaea98a5",
                "sha256:8940d6de7068af018dfa9a959a3510e9b7b543f4c405e88463a1cbaa3b2b379a",
                "sha256:89a49cc5ad08a38b6141af17e00d1dd482dc927c7605bc77af457b5a0fca807c",
                "sha256:900bc0096c2ca2d53f2e5cebf98293a7c32f532c4aeb926345e9747452233950",
                "sha256:97e0efaebbfd222bcaac2f1735c010c1d3b167112d9d237daebbeedaaccf3d1d",
                "sha256:9e04d4e4cfafa7c5264e535b5d28e786f0571bea609c3f0aaab13e891e933e9c",
                "sha256:a4c60abd950d6de3e4f1ddbc318075654d275c29c846ab6a043d6ed2c52e4c8c",
                "sha256:a6ff459dac39541e6a2763a4439c4ca6bc9ecb4acc05a99b79246751f9894756",
                "sha256:a72797549935c9e0b9bc1def1768c8b5a709538fa6ab0678e671aec47ebfd55e",
                "sha256:af4063ef2b11b96d949dccbc5a987272f38d55c23c4c01841ea65a517906397f",
                "sha256:b975b85d1d5efc36cf8b237c5f3849b64d1ba33d6282f5e991f28751317504a1",
                "sha256:bf0b9959e673505ee5869950642428046edb91f99942607c2ecf635f8a4b31c9",
                "sha256:c0c85c5cbe8b30a32fa6d802588d55ffabf720e985abe9590c7c886919d875d4",
                "sha256:c3f3237a57e42f79f1e560726576aedb3a7ef931f4e3accb84ebf6acc485d316",
                "sha256:c3fa3ab0fb200a2c66493828ed06ccd1a94b12eddbfb985e7fd3e5723ff156c6",
                "sha256:c435f5ce1705de48e08fcbcfaf8aee660d199c90536e3e06f2016af7d6a938dd",
                "sha256:c90da4b124647547a68cf2f197174ada30c7bb9523cb976665dfd26a9963d328",
                "sha256:cbdf2c498e077282cd427cfd88bdce4668019791deef0be8155385ab2ba7837f",
                "sha256:d1fbad1f9077372b6587ec589c1fc120b417b6c8ad72d3e3cc86bbbd0a3cee93",
                "sha256:d39f5d4af48c138cb146763eda14eb7d8b3ccbbec9fe86fb724cd16e0e914c64",
                "sha256:ddb4a6061933bd9332b74eac0da25f17f32afa7145a33a0f9711ad74f924b1b8",
                "sha256:ded637176addc1d3eef35331c39acc598bac550d213f0a1bedabfceaa2244c87",
                "sha256:f20fd21f7538f8107451156dd1fe203300b79a9ddceba1ee0ac8132521a008ed",
                "sha256:fda2783c12f553cdca11c08e5af6eecbd717280dc8fbe28a110897af1c15a88c"
            ],
            "version": "==1.56.2"
        },
        "grpcio-status": {
            "hashes": [
                "sha256:2c33bbdbe20188b2953f46f31af669263b6ee2a9b2d38fa0d36ee091532e21bf",
                "sha256:53695f45da07437b7c344ee4ef60d370fd2850179f5a28bb26d8e2aa1102ec11"
            ],
            "version": "==1.48.2"
        },
        "idna": {
            "hashes": [
                "sha256:c357b3f628cf53ae2c4c05627ecc484553142ca23264e593d327bcde5e9c3407",
                "sha256:ea8b7f6188e6fa117537c3df7da9fc686d485087abf6ac197f9c46432f7e4a3c"
            ],
            "version": "==2.8"
        },
        "pika": {
            "hashes": [
                "sha256:4e1a1a6585a41b2341992ec32aadb7a919d649eb82904fd8e4a4e0871c8cf3af",
                "sha256:9fa76ba4b65034b878b2b8de90ff8660a59d925b087c5bb88f8fdbb4b64a1dbf"
            ],
            "index": "pypi",
            "version": "==1.1.0"
        },
        "protobuf": {
            "hashes": [
                "sha256:03038ac1cfbc41aa21f6afcbcd357281d7521b4157926f30ebecc8d4ea59dcb7",
                "sha256:28545383d61f55b57cf4df63eebd9827754fd2dc25f80c5253f9184235db242c",
                "sha256:2e3427429c9cffebf259491be0af70189607f365c2f41c7c3764af6f337105f2",
                "sha256:398a9e0c3eaceb34ec1aee71894ca3299605fa8e761544934378bbc6c97de23b",
                "sha256:44246bab5dd4b7fbd3c0c80b6f16686808fab0e4aca819ade6e8d294a29c7050",
                "sha256:447d43819997825d4e71bf5769d869b968ce96848b6479397e29fc24c4a5dfe9",
                "sha256:67a3598f0a2dcbc58d02dd1928544e7d88f764b47d4a286202913f0b2801c2e7",
                "sha256:74480f79a023f90dc6e18febbf7b8bac7508420f2006fabd512013c0c238f454",
                "sha256:819559cafa1a373b7096a482b504ae8a857c89593cf3a25af743ac9ecbd23480",
                "sha256:899dc660cd599d7352d6f10d83c95df430a38b410c1b66b407a6b29265d66469",
                "sha256:8c0c984a1b8fef4086329ff8dd19ac77576b384079247c770f29cc8ce3afa06c",
                "sha256:9aae4406ea63d825636cc11ffb34ad3379335803216ee3a856787bcf5ccc751e",
                "sha256:a7ca6d488aa8ff7f329d4c545b2dbad8ac31464f1d8b1c87ad1346717731e4db",
                "sha256:b6cc7ba72a8850621bfec987cb72623e703b7fe2b9127a161ce61e61558ad905",
                "sha256:bf01b5720be110540be4286e791db73f84a2b721072a3711efff6c324cdf074b",
                "sha256:c02ce36ec760252242a33967d51c289fd0e1c0e6e5cc9397e2279177716add86",
                "sha256:d9e4432ff660d67d775c66ac42a67cf2453c27cb4d738fc22cb53b5d84c135d4",
                "sha256:daa564862dd0d39c00f8086f88700fdbe8bc717e993a21e90711acfed02f2402",
                "sha256:de78575669dddf6099a8a0f46a27e82a1783c557ccc38ee620ed8cc96d3be7d7",
                "sha256:e64857f395505ebf3d2569935506ae0dfc4a15cb80dc25261176c784662cdcc4",
                "sha256:f4bd856d702e5b0d96a00ec6b307b0f51c1982c2bf9c0052cf9019e9a544ba99",
                "sha256:f4c42102bc82a51108e449cbb32b19b180022941c727bac0cfd50170341f16ee"
            ],
            "markers": "python_version >= '3.7'",
            "version": "==3.20.3"
        },
        "psycopg2-binary": {
            "hashes": [
                "sha256:080c72714784989474f97be9ab0ddf7b2ad2984527e77f2909fcd04d4df53809",
                "sha256:110457be80b63ff4915febb06faa7be002b93a76e5ba19bf3f27636a2ef58598",
                "sha256:171352a03b22fc099f15103959b52ee77d9a27e028895d7e5fde127aa8e3bac5",
                "sha256:19d013e7b0817087517a4b3cab39c084d78898369e5c46258aab7be4f233d6a1",
                "sha256:249b6b21ae4eb0f7b8423b330aa80fab5f821b9ffc3f7561a5e2fd6bb142cf5d",
                "sha256:2ac0731d2d84b05c7bb39e85b7e123c3a0acd4cda631d8d542802c88deb9e87e",
                "sha256:2b6d561193f0dc3f50acfb22dd52ea8c8dfbc64bcafe3938b5f209cc17cb6f00",
                "sha256:2bd23e242e954214944481124755cbefe7c2cf563b1a54cd8d196d502f2578bf",
                "sha256:3e1239242ca60b3725e65ab2f13765fc199b03af9eaf1b5572f0e97bdcee5b43",
                "sha256:3eb70bb697abbe86b1d2b1316370c02ba320bfd1e9e35cf3b9566a855ea8e4e5",
                "sha256:51a2fc7e94b98bd1bb5d4570936f24fc2b0541b63eccadf8fdea266db8ad2f70",
                "sha256:52f1bdafdc764b7447e393ed39bb263eccb12bfda25a4ac06d82e3a9056251f6",
                "sha256:5b3581319a3951f1e866f4f6c5e42023db0fae0284273b82e97dfd32c51985cd",
                "sha256:63c1b66e3b2a3a336288e4bcec499e0dc310cd1dceaed1c46fa7419764c68877",
                "sha256:8123a99f24ecee469e5c1339427bcdb2a33920a18bb5c0d58b7c13f3b0298ba3",
                "sha256:85e699fcabe7f817c0f0a412d4e7c6627e00c412b418da7666ff353f38e30f67",
                "sha256:8dbff4557bbef963697583366400822387cccf794ccb001f1f2307ed21854c68",
                "sha256:908d21d08d6b81f1b7e056bbf40b2f77f8c499ab29e64ec5113052819ef1c89b",
                "sha256:af39d0237b17d0a5a5f638e9dffb34013ce2b1d41441fd30283e42b22d16858a",
                "sha256:af51bb9f055a3f4af0187149a8f60c9d516cf7d5565b3dac53358796a8fb2a5b",
                "sha256:b2ecac57eb49e461e86c092761e6b8e1fd9654dbaaddf71a076dcc869f7014e2",
                "sha256:cd37cc170678a4609becb26b53a2bc1edea65177be70c48dd7b39a1149cabd6e",
                "sha256:d17e3054b17e1a6cb8c1140f76310f6ede811e75b7a9d461922d2c72973f583e",
                "sha256:d305313c5a9695f40c46294d4315ed3a07c7d2b55e48a9010dad7db7a66c8b7f",
                "sha256:dd0ef0eb1f7dd18a3f4187226e226a7284bda6af5671937a221766e6ef1ee88f",
                "sha256:e1adff53b56db9905db48a972fb89370ad5736e0450b96f91bcf99cadd96cfd7",
                "sha256:f0d43828003c82dbc9269de87aa449e9896077a71954fbbb10a614c017e65737",
                "sha256:f78e8b487de4d92640105c1389e5b90be3496b1d75c90a666edd8737cc2dbab7"
            ],
            "index": "pypi",
            "version": "==2.8.3"
        },
        "pyasn1": {
            "hashes": [
                "sha256:87a2121042a1ac9358cabcaf1d07680ff97ee6404333bacca15f76aa8ad01a57",
                "sha256:97b7290ca68e62a832558ec3976f15cbf911bf5d7c7039d8b861c2a0ece69fde"
            ],
            "markers": "python_version >= '2.7' and python_version not in '3.0, 3.1, 3.2, 3.3, 3.4, 3.5'",
            "version": "==0.5.0"
        },
        "pyasn1-modules": {
            "hashes": [
                "sha256:5bd01446b736eb9d31512a30d46c1ac3395d676c6f3cafa4c03eb54b9925631c",
                "sha256:d3ccd6ed470d9ffbc716be08bd90efbd44d0734bc9303818f7336070984a162d"
            ],
            "markers": "python_version >= '2.7' and python_version not in '3.0, 3.1, 3.2, 3.3, 3.4, 3.5'",
            "version": "==0.3.0"
        },
        "requests": {
            "hashes": [
                "sha256:11e007a8a2aa0323f5a921e9e6a2d7e4e67d9877e85773fba9ba6419025cbeb4",
                "sha256:9cf5292fcd0f598c671cfc1e0d7d1a7f13bb8085e9a590f48c010551dc6c4b31"
            ],
            "index": "pypi",
            "version": "==2.22.0"
        },
        "rsa": {
            "hashes": [
                "sha256:90260d9058e514786967344d0ef75fa8727eed8a7d2e43ce9f4bcf1b536174f7",
                "sha256:e38464a49c6c85d7f1351b0126661487a7e0a14a50f1675ec50eb34d4f20ef21"
            ],
            "markers": "python_version >= '3.6' and python_version < '4'",
            "version": "==4.9"
        },
        "six": {
            "hashes": [
                "sha256:1e61c37477a1626458e36f7b1d82aa5c9b094fa4802892072e49de9c60c4c926",
                "sha256:8abb2f1d86890a2dfb989f9a77cfcfd3e47c2a354b01111771326f8aa26e0254"
            ],
            "markers": "python_version >= '2.7' and python_version not in '3.0, 3.1, 3.2, 3.3'",
            "version": "==1.16.0"
        },
        "termcolor": {
            "hashes": [
                "sha256:1d6d69ce66211143803fbc56652b41d73b4a400a2891d7bf7a1cdf4c02de613b"
            ],
            "index": "pypi",
            "version": "==1.1.0"
        },
        "urllib3": {
            "hashes": [
                "sha256:8d7eaa5a82a1cac232164990f04874c594c9453ec55eef02eab885aa02fc17a2",
                "sha256:f5321fbe4bf3fefa0efd0bfe7fb14e90909eb62a48ccda331726b4319897dd5e"
            ],
            "markers": "python_version >= '2.7' and python_version not in '3.0, 3.1, 3.2, 3.3, 3.4' and python_version < '4'",
            "version": "==1.25.11"
        }
    },
    "develop": {}
}
